
Microsoft Visual Studio Solution File, Format Version 12.00
# Visual Studio Version 17
VisualStudioVersion = 17.0.32112.339
MinimumVisualStudioVersion = 10.0.40219.1
Project("{FAE04EC0-301F-11D3-BF4B-00C04F79EFBC}") = "SignalGenerator", "SignalGenerator\SignalGenerator.csproj", "{AC7C80BD-DAE7-43A1-9900-FFCB84DAA268}"
EndProject
Global
	GlobalSection(SolutionConfigurationPlatforms) = preSolution
		Debug|Any CPU = Debug|Any CPU
		Release|Any CPU = Release|Any CPU
	EndGlobalSection
	GlobalSection(ProjectConfigurationPlatforms) = postSolution
		{AC7C80BD-DAE7-43A1-9900-FFCB84DAA268}.Debug|Any CPU.ActiveCfg = Debug|Any CPU
		{AC7C80BD-DAE7-43A1-9900-FFCB84DAA268}.Debug|Any CPU.Build.0 = Debug|Any CPU
		{AC7C80BD-DAE7-43A1-9900-FFCB84DAA268}.Release|Any CPU.ActiveCfg = Release|Any CPU
		{AC7C80BD-DAE7-43A1-9900-FFCB84DAA268}.Release|Any CPU.Build.0 = Release|Any CPU
	EndGlobalSection
	GlobalSection(SolutionProperties) = preSolution
		HideSolutionNode = FALSE
	EndGlobalSection
	GlobalSection(ExtensibilityGlobals) = postSolution
		SolutionGuid = {55833115-7CC0-4A63-8C45-1E29AD3A4B6B}
	EndGlobalSection
EndGlobal
